
Microsoft Visual Studio Solution File, Format Version 12.00
# Visual Studio Version 17
VisualStudioVersion = 17.4.33205.214
MinimumVisualStudioVersion = 10.0.40219.1
Project("{FAE04EC0-301F-11D3-BF4B-00C04F79EFBC}") = "Angular_project", "Angular_project\Angular_project.csproj", "{A59758B3-F926-4F26-B034-91633A31F7B8}"
EndProject
Global
	GlobalSection(SolutionConfigurationPlatforms) = preSolution
		Debug|Any CPU = Debug|Any CPU
		Release|Any CPU = Release|Any CPU
	EndGlobalSection
	GlobalSection(ProjectConfigurationPlatforms) = postSolution
		{A59758B3-F926-4F26-B034-91633A31F7B8}.Debug|Any CPU.ActiveCfg = Debug|Any CPU
		{A59758B3-F926-4F26-B034-91633A31F7B8}.Debug|Any CPU.Build.0 = Debug|Any CPU
		{A59758B3-F926-4F26-B034-91633A31F7B8}.Release|Any CPU.ActiveCfg = Release|Any CPU
		{A59758B3-F926-4F26-B034-91633A31F7B8}.Release|Any CPU.Build.0 = Release|Any CPU
	EndGlobalSection
	GlobalSection(SolutionProperties) = preSolution
		HideSolutionNode = FALSE
	EndGlobalSection
	GlobalSection(ExtensibilityGlobals) = postSolution
		SolutionGuid = {5BFABDEE-E75D-420D-8431-6FCF12B8D735}
	EndGlobalSection
EndGlobal
